{
  "name": "vortex",
  "version": "0.0.0",
  "lockfileVersion": 2,
  "requires": true,
  "packages": {
    "": {
      "name": "vortex",
      "version": "0.0.0",
      "dependencies": {
        "github-markdown-css": "^5.1.0",
        "react": "^17.0.2",
        "react-dom": "^17.0.2",
        "react-markdown": "^7.1.1",
        "react-syntax-highlighter": "^15.4.5",
        "react-tweet-embed": "^1.3.1",
        "rehype-raw": "^6.1.0",
        "remark-gfm": "^3.0.1",
        "remark-html": "^15.0.1"
      },
      "devDependencies": {
        "@types/node": "^16.11.12",
        "@types/react": "^17.0.33",
        "@types/react-dom": "^17.0.10",
        "@types/react-syntax-highlighter": "^13.5.2",
        "@vitejs/plugin-react": "^1.0.7",
        "autoprefixer": "^10.4.0",
        "postcss": "^8.4.4",
        "tailwindcss": "^3.0.1",
        "typescript": "^4.4.4",
        "vite": "^2.7.0"
      }
    },
    "../node_modules/.pnpm/@types+react-dom@17.0.11/node_modules/@types/react-dom": {
      "version": "17.0.11",
      "dev": true,
      "license": "MIT",
      "dependencies": {
        "@types/react": "*"
      }
    },
    "../node_modules/.pnpm/@types+react-syntax-highlighter@13.5.2/node_modules/@types/react-syntax-highlighter": {
      "version": "13.5.2",
      "dev": true,
      "license": "MIT",
      "dependencies": {
        "@types/react": "*"
      }
    },
    "../node_modules/.pnpm/@types+react@17.0.37/node_modules/@types/react": {
      "version": "17.0.37",
      "dev": true,
      "license": "MIT",
      "dependencies": {
        "@types/prop-types": "*",
        "@types/scheduler": "*",
        "csstype": "^3.0.2"
      }
    },
    "../node_modules/.pnpm/@vitejs+plugin-react@1.1.1/node_modules/@vitejs/plugin-react": {
      "version": "1.1.1",
      "dev": true,
      "license": "MIT",
      "dependencies": {
        "@babel/core": "^7.16.0",
        "@babel/plugin-transform-react-jsx": "^7.16.0",
        "@babel/plugin-transform-react-jsx-development": "^7.16.0",
        "@babel/plugin-transform-react-jsx-self": "^7.16.0",
        "@babel/plugin-transform-react-jsx-source": "^7.16.0",
        "@rollup/pluginutils": "^4.1.1",
        "react-refresh": "^0.11.0",
        "resolve": "^1.20.0"
      },
      "engines": {
        "node": ">=12.0.0"
      }
    },
    "../node_modules/.pnpm/autoprefixer@10.4.0_postcss@8.4.4/node_modules/autoprefixer": {
      "version": "10.4.0",
      "dev": true,
      "license": "MIT",
      "dependencies": {
        "browserslist": "^4.17.5",
        "caniuse-lite": "^1.0.30001272",
        "fraction.js": "^4.1.1",
        "normalize-range": "^0.1.2",
        "picocolors": "^1.0.0",
        "postcss-value-parser": "^4.1.0"
      },
      "bin": {
        "autoprefixer": "bin/autoprefixer"
      },
      "engines": {
        "node": "^10 || ^12 || >=14"
      },
      "funding": {
        "type": "opencollective",
        "url": "https://opencollective.com/postcss/"
      },
      "peerDependencies": {
        "postcss": "^8.1.0"
      }
    },
    "../node_modules/.pnpm/github-markdown-css@5.1.0/node_modules/github-markdown-css": {
      "version": "5.1.0",
      "license": "MIT",
      "devDependencies": {
        "generate-github-markdown-css": "^5.0.1"
      },
      "funding": {
        "url": "https://github.com/sponsors/sindresorhus"
      }
    },
    "../node_modules/.pnpm/postcss@8.4.4/node_modules/postcss": {
      "version": "8.4.4",
      "dev": true,
      "license": "MIT",
      "dependencies": {
        "nanoid": "^3.1.30",
        "picocolors": "^1.0.0",
        "source-map-js": "^1.0.1"
      },
      "engines": {
        "node": "^10 || ^12 || >=14"
      },
      "funding": {
        "type": "opencollective",
        "url": "https://opencollective.com/postcss/"
      }
    },
    "../node_modules/.pnpm/react-dom@17.0.2_react@17.0.2/node_modules/react-dom": {
      "version": "17.0.2",
      "license": "MIT",
      "dependencies": {
        "loose-envify": "^1.1.0",
        "object-assign": "^4.1.1",
        "scheduler": "^0.20.2"
      },
      "peerDependencies": {
        "react": "17.0.2"
      }
    },
    "../node_modules/.pnpm/react-markdown@7.1.1_cfedea9b3ed0faf0dded75c187406c5e/node_modules/react-markdown": {
      "version": "7.1.1",
      "license": "MIT",
      "dependencies": {
        "@types/hast": "^2.0.0",
        "@types/unist": "^2.0.0",
        "comma-separated-tokens": "^2.0.0",
        "hast-util-whitespace": "^2.0.0",
        "prop-types": "^15.0.0",
        "property-information": "^6.0.0",
        "react-is": "^17.0.0",
        "remark-parse": "^10.0.0",
        "remark-rehype": "^9.0.0",
        "space-separated-tokens": "^2.0.0",
        "style-to-object": "^0.3.0",
        "unified": "^10.0.0",
        "unist-util-visit": "^4.0.0",
        "vfile": "^5.0.0"
      },
      "devDependencies": {
        "@types/react": "^17.0.0",
        "@types/react-dom": "^17.0.0",
        "@types/react-is": "^17.0.0",
        "c8": "^7.0.0",
        "esbuild": "^0.14.0",
        "eslint-config-xo-react": "^0.25.0",
        "eslint-plugin-es": "^4.0.0",
        "eslint-plugin-react": "^7.0.0",
        "eslint-plugin-react-hooks": "^4.0.0",
        "eslint-plugin-security": "^1.0.0",
        "prettier": "^2.0.0",
        "react": "^17.0.0",
        "react-dom": "^17.0.0",
        "rehype-raw": "^6.0.0",
        "remark-cli": "^10.0.0",
        "remark-gfm": "^3.0.0",
        "remark-preset-wooorm": "^9.0.0",
        "remark-toc": "^8.0.0",
        "rimraf": "^3.0.0",
        "type-coverage": "^2.0.0",
        "typescript": "~4.4.0",
        "uvu": "^0.5.0",
        "xo": "^0.47.0"
      },
      "funding": {
        "type": "opencollective",
        "url": "https://opencollective.com/unified"
      },
      "peerDependencies": {
        "@types/react": ">=16",
        "react": ">=16"
      }
    },
    "../node_modules/.pnpm/react-syntax-highlighter@15.4.5_react@17.0.2/node_modules/react-syntax-highlighter": {
      "version": "15.4.5",
      "license": "MIT",
      "dependencies": {
        "@babel/runtime": "^7.3.1",
        "highlight.js": "^10.4.1",
        "lowlight": "^1.17.0",
        "prismjs": "^1.25.0",
        "refractor": "^3.2.0"
      },
      "devDependencies": {
        "@babel/cli": "^7.1.2",
        "@babel/core": "^7.1.2",
        "@babel/plugin-proposal-class-properties": "^7.1.0",
        "@babel/plugin-proposal-object-rest-spread": "^7.0.0",
        "@babel/plugin-syntax-dynamic-import": "^7.0.0",
        "@babel/plugin-transform-runtime": "^7.1.0",
        "@babel/preset-env": "^7.1.0",
        "@babel/preset-react": "^7.0.0",
        "babel-core": "^7.0.0-bridge.0",
        "babel-eslint": "^10.1.0",
        "babel-jest": "^26.1.0",
        "babel-loader": "^8.0.4",
        "babel-plugin-transform-dynamic-import": "^2.1.0",
        "codecov": "^3.2.0",
        "css": "^2.2.1",
        "css-loader": "^3.6.0",
        "eslint": "^7.7.0",
        "eslint-config-prettier": "^6.11.0",
        "eslint-plugin-jest": "^23.20.0",
        "eslint-plugin-prettier": "^3.1.4",
        "eslint-plugin-react": "^7.20.6",
        "husky": "^1.1.4",
        "jest": "^26.1.0",
        "lint-staged": "^8.0.5",
        "prettier": "^1.15.2",
        "prism-themes": "1.5.0",
        "react": "^15.2.0",
        "react-dom": "^15.2.0",
        "react-syntax-highlighter-virtualized-renderer": "^1.0.3",
        "react-test-renderer": "^15.3.2",
        "request": "^2.88.0",
        "style-loader": "^0.13.0",
        "to-camel-case": "^1.0.0",
        "webpack": "^4.22.0",
        "webpack-cli": "^3.1.2",
        "webpack-dev-server": "^3.1.14"
      },
      "peerDependencies": {
        "react": ">= 0.14.0"
      }
    },
    "../node_modules/.pnpm/react-tweet-embed@1.3.1_react@17.0.2/node_modules/react-tweet-embed": {
      "version": "1.3.1",
      "license": "MIT",
      "devDependencies": {
        "@types/prop-types": "^15.7.4",
        "@types/react": "^17.0.24",
        "ava": "^3.15.0",
        "enzyme": "^3.11.0",
        "husky": "^7.0.2",
        "jsdom": "^17.0.0",
        "microbundle": "^0.13.3",
        "prettier": "^2.4.1",
        "pretty-quick": "^3.1.1",
        "prop-types": "^15.7.2",
        "react": "^16.8.5",
        "rimraf": "^3.0.2",
        "ts-node": "^10.2.1",
        "typescript": "^4.4.3"
      },
      "peerDependencies": {
        "react": ">=15"
      }
    },
    "../node_modules/.pnpm/react@17.0.2/node_modules/react": {
      "version": "17.0.2",
      "license": "MIT",
      "dependencies": {
        "loose-envify": "^1.1.0",
        "object-assign": "^4.1.1"
      },
      "engines": {
        "node": ">=0.10.0"
      }
    },
    "../node_modules/.pnpm/rehype-raw@6.1.0/node_modules/rehype-raw": {
      "version": "6.1.0",
      "license": "MIT",
      "dependencies": {
        "@types/hast": "^2.0.0",
        "hast-util-raw": "^7.2.0",
        "unified": "^10.0.0"
      },
      "devDependencies": {
        "@types/tape": "^4.0.0",
        "c8": "^7.0.0",
        "prettier": "^2.0.0",
        "rehype-stringify": "^9.0.0",
        "remark-cli": "^10.0.0",
        "remark-parse": "^10.0.0",
        "remark-preset-wooorm": "^9.0.0",
        "remark-rehype": "^9.0.0",
        "rimraf": "^3.0.0",
        "tape": "^5.0.0",
        "type-coverage": "^2.0.0",
        "typescript": "^4.0.0",
        "unist-util-visit": "^4.0.0",
        "xo": "^0.44.0"
      },
      "funding": {
        "type": "opencollective",
        "url": "https://opencollective.com/unified"
      }
    },
    "../node_modules/.pnpm/remark-gfm@3.0.1/node_modules/remark-gfm": {
      "version": "3.0.1",
      "license": "MIT",
      "dependencies": {
        "@types/mdast": "^3.0.0",
        "mdast-util-gfm": "^2.0.0",
        "micromark-extension-gfm": "^2.0.0",
        "unified": "^10.0.0"
      },
      "devDependencies": {
        "@types/tape": "^4.0.0",
        "c8": "^7.0.0",
        "is-hidden": "^2.0.0",
        "prettier": "^2.0.0",
        "remark": "^14.0.0",
        "remark-cli": "^10.0.0",
        "remark-preset-wooorm": "^9.0.0",
        "rimraf": "^3.0.0",
        "string-width": "^5.0.0",
        "tape": "^5.0.0",
        "to-vfile": "^7.0.0",
        "type-coverage": "^2.0.0",
        "typescript": "^4.0.0",
        "xo": "^0.46.0"
      },
      "funding": {
        "type": "opencollective",
        "url": "https://opencollective.com/unified"
      }
    },
    "../node_modules/.pnpm/remark-html@15.0.1/node_modules/remark-html": {
      "version": "15.0.1",
      "license": "MIT",
      "dependencies": {
        "@types/mdast": "^3.0.0",
        "hast-util-sanitize": "^4.0.0",
        "hast-util-to-html": "^8.0.0",
        "mdast-util-to-hast": "^12.0.0",
        "unified": "^10.0.0"
      },
      "devDependencies": {
        "@types/tape": "^4.0.0",
        "c8": "^7.0.0",
        "commonmark.json": "^0.30.0",
        "is-hidden": "^2.0.0",
        "prettier": "^2.0.0",
        "rehype-parse": "^8.0.0",
        "rehype-stringify": "^9.0.0",
        "remark": "^14.0.0",
        "remark-cli": "^10.0.0",
        "remark-frontmatter": "^4.0.0",
        "remark-gfm": "^3.0.0",
        "remark-github": "^11.0.0",
        "remark-preset-wooorm": "^9.0.0",
        "remark-slug": "^7.0.0",
        "remark-toc": "^8.0.0",
        "rimraf": "^3.0.0",
        "tape": "^5.0.0",
        "to-vfile": "^7.0.0",
        "type-coverage": "^2.0.0",
        "typescript": "^4.0.0",
        "xo": "^0.47.0"
      },
      "funding": {
        "type": "opencollective",
        "url": "https://opencollective.com/unified"
      }
    },
    "../node_modules/.pnpm/tailwindcss@3.0.1_6b4e3d148bdcb715d5f821ed0a9c268b/node_modules/tailwindcss": {
      "version": "3.0.1",
      "dev": true,
      "license": "MIT",
      "dependencies": {
        "arg": "^5.0.1",
        "chalk": "^4.1.2",
        "chokidar": "^3.5.2",
        "color-name": "^1.1.4",
        "cosmiconfig": "^7.0.1",
        "detective": "^5.2.0",
        "didyoumean": "^1.2.2",
        "dlv": "^1.1.3",
        "fast-glob": "^3.2.7",
        "glob-parent": "^6.0.2",
        "is-glob": "^4.0.3",
        "normalize-path": "^3.0.0",
        "object-hash": "^2.2.0",
        "postcss-js": "^3.0.3",
        "postcss-load-config": "^3.1.0",
        "postcss-nested": "5.0.6",
        "postcss-selector-parser": "^6.0.6",
        "postcss-value-parser": "^4.2.0",
        "quick-lru": "^5.1.1",
        "resolve": "^1.20.0",
        "tmp": "^0.2.1"
      },
      "bin": {
        "tailwind": "lib/cli.js",
        "tailwindcss": "lib/cli.js"
      },
      "devDependencies": {
        "@swc/cli": "^0.1.52",
        "@swc/core": "^1.2.118",
        "@swc/jest": "^0.2.11",
        "@swc/register": "^0.1.7",
        "autoprefixer": "^10.4.0",
        "cross-env": "^7.0.3",
        "cssnano": "^5.0.12",
        "esbuild": "^0.14.2",
        "eslint": "^8.2.0",
        "eslint-config-prettier": "^8.3.0",
        "eslint-plugin-prettier": "^4.0.0",
        "jest": "^27.4.3",
        "jest-diff": "^27.4.2",
        "postcss": "^8.4.4",
        "postcss-cli": "^8.3.1",
        "prettier": "^2.5.0",
        "rimraf": "^3.0.0"
      },
      "engines": {
        "node": ">=12.13.0"
      },
      "peerDependencies": {
        "autoprefixer": "^10.0.2",
        "postcss": "^8.0.9"
      }
    },
    "../node_modules/.pnpm/typescript@4.5.3/node_modules/typescript": {
      "version": "4.5.3",
      "dev": true,
      "license": "Apache-2.0",
      "bin": {
        "tsc": "bin/tsc",
        "tsserver": "bin/tsserver"
      },
      "devDependencies": {
        "@octokit/rest": "latest",
        "@types/browserify": "latest",
        "@types/chai": "latest",
        "@types/convert-source-map": "latest",
        "@types/glob": "latest",
        "@types/gulp": "^4.0.9",
        "@types/gulp-concat": "latest",
        "@types/gulp-newer": "latest",
        "@types/gulp-rename": "0.0.33",
        "@types/gulp-sourcemaps": "0.0.32",
        "@types/jake": "latest",
        "@types/merge2": "latest",
        "@types/microsoft__typescript-etw": "latest",
        "@types/minimatch": "latest",
        "@types/minimist": "latest",
        "@types/mkdirp": "latest",
        "@types/mocha": "latest",
        "@types/ms": "latest",
        "@types/node": "latest",
        "@types/node-fetch": "^2.3.4",
        "@types/q": "latest",
        "@types/source-map-support": "latest",
        "@types/through2": "latest",
        "@types/xml2js": "^0.4.0",
        "@typescript-eslint/eslint-plugin": "^4.28.0",
        "@typescript-eslint/experimental-utils": "^4.28.0",
        "@typescript-eslint/parser": "^4.28.0",
        "async": "latest",
        "azure-devops-node-api": "^11.0.1",
        "browser-resolve": "^1.11.2",
        "browserify": "latest",
        "chai": "latest",
        "chalk": "^4.1.2",
        "convert-source-map": "latest",
        "del": "5.1.0",
        "diff": "^4.0.2",
        "eslint": "7.12.1",
        "eslint-formatter-autolinkable-stylish": "1.1.4",
        "eslint-plugin-import": "2.22.1",
        "eslint-plugin-jsdoc": "30.7.6",
        "eslint-plugin-no-null": "1.0.2",
        "fancy-log": "latest",
        "fs-extra": "^9.0.0",
        "glob": "latest",
        "gulp": "^4.0.0",
        "gulp-concat": "latest",
        "gulp-insert": "latest",
        "gulp-newer": "latest",
        "gulp-rename": "latest",
        "gulp-sourcemaps": "latest",
        "merge2": "latest",
        "minimist": "latest",
        "mkdirp": "latest",
        "mocha": "latest",
        "mocha-fivemat-progress-reporter": "latest",
        "ms": "^2.1.3",
        "node-fetch": "^2.6.1",
        "plugin-error": "latest",
        "pretty-hrtime": "^1.0.3",
        "prex": "^0.4.3",
        "q": "latest",
        "source-map-support": "latest",
        "through2": "latest",
        "typescript": "^4.2.3",
        "vinyl": "latest",
        "vinyl-sourcemaps-apply": "latest",
        "xml2js": "^0.4.19"
      },
      "engines": {
        "node": ">=4.2.0"
      }
    },
    "../node_modules/.pnpm/vite@2.7.1/node_modules/vite": {
      "version": "2.7.1",
      "dev": true,
      "license": "MIT",
      "dependencies": {
        "esbuild": "^0.13.12",
        "postcss": "^8.3.11",
        "resolve": "^1.20.0",
        "rollup": "^2.59.0"
      },
      "bin": {
        "vite": "bin/vite.js"
      },
      "devDependencies": {
        "@ampproject/remapping": "^1.0.1",
        "@babel/parser": "^7.16.4",
        "@babel/types": "^7.16.0",
        "@rollup/plugin-alias": "^3.1.8",
        "@rollup/plugin-commonjs": "^21.0.1",
        "@rollup/plugin-dynamic-import-vars": "^1.4.1",
        "@rollup/plugin-json": "^4.1.0",
        "@rollup/plugin-node-resolve": "13.0.6",
        "@rollup/plugin-typescript": "^8.3.0",
        "@rollup/pluginutils": "^4.1.1",
        "@types/convert-source-map": "^1.5.2",
        "@types/debug": "^4.1.7",
        "@types/estree": "^0.0.50",
        "@types/etag": "^1.8.1",
        "@types/less": "^3.0.3",
        "@types/micromatch": "^4.0.2",
        "@types/mime": "^2.0.3",
        "@types/node": "^16.11.9",
        "@types/resolve": "^1.20.1",
        "@types/sass": "~1.43.0",
        "@types/stylus": "^0.48.36",
        "@types/ws": "^8.2.0",
        "@vue/compiler-dom": "^3.2.22",
        "acorn": "^8.6.0",
        "acorn-class-fields": "^1.0.0",
        "acorn-static-class-features": "^1.0.0",
        "cac": "6.7.9",
        "chalk": "^4.1.2",
        "chokidar": "^3.5.2",
        "compression": "^1.7.4",
        "connect": "^3.7.0",
        "connect-history-api-fallback": "^1.6.0",
        "convert-source-map": "^1.8.0",
        "cors": "^2.8.5",
        "debug": "^4.3.2",
        "dotenv": "^10.0.0",
        "dotenv-expand": "^5.1.0",
        "es-module-lexer": "^0.9.3",
        "estree-walker": "^2.0.2",
        "etag": "^1.8.1",
        "execa": "^5.1.1",
        "fast-glob": "^3.2.7",
        "http-proxy": "^1.18.1",
        "launch-editor-middleware": "^2.2.1",
        "magic-string": "^0.25.7",
        "micromatch": "^4.0.4",
        "mime": "^3.0.0",
        "okie": "^1.0.1",
        "open": "^8.4.0",
        "periscopic": "^2.0.3",
        "postcss-import": "^14.0.2",
        "postcss-load-config": "^3.1.0",
        "postcss-modules": "^4.2.2",
        "resolve.exports": "^1.1.0",
        "rollup-plugin-license": "^2.6.0",
        "selfsigned": "^1.10.11",
        "sirv": "^1.0.18",
        "source-map": "^0.6.1",
        "source-map-support": "^0.5.21",
        "strip-ansi": "^6.0.1",
        "terser": "^5.10.0",
        "tsconfck": "1.1.1",
        "tslib": "^2.3.1",
        "types": "link:./types",
        "ws": "^8.2.3"
      },
      "engines": {
        "node": ">=12.2.0"
      },
      "optionalDependencies": {
        "fsevents": "~2.3.2"
      },
      "peerDependencies": {
        "less": "*",
        "sass": "*",
        "stylus": "*"
      },
      "peerDependenciesMeta": {
        "less": {
          "optional": true
        },
        "sass": {
          "optional": true
        },
        "stylus": {
          "optional": true
        }
      }
    },
    "node_modules/@types/node": {
      "version": "16.11.12",
      "resolved": "https://registry.npmjs.org/@types/node/-/node-16.11.12.tgz",
      "integrity": "sha512-+2Iggwg7PxoO5Kyhvsq9VarmPbIelXP070HMImEpbtGCoyWNINQj4wzjbQCXzdHTRXnqufutJb5KAURZANNBAw==",
      "dev": true
    },
    "node_modules/@types/react": {
      "resolved": "../node_modules/.pnpm/@types+react@17.0.37/node_modules/@types/react",
      "link": true
    },
    "node_modules/@types/react-dom": {
      "resolved": "../node_modules/.pnpm/@types+react-dom@17.0.11/node_modules/@types/react-dom",
      "link": true
    },
    "node_modules/@types/react-syntax-highlighter": {
      "resolved": "../node_modules/.pnpm/@types+react-syntax-highlighter@13.5.2/node_modules/@types/react-syntax-highlighter",
      "link": true
    },
    "node_modules/@vitejs/plugin-react": {
      "resolved": "../node_modules/.pnpm/@vitejs+plugin-react@1.1.1/node_modules/@vitejs/plugin-react",
      "link": true
    },
    "node_modules/autoprefixer": {
      "resolved": "../node_modules/.pnpm/autoprefixer@10.4.0_postcss@8.4.4/node_modules/autoprefixer",
      "link": true
    },
    "node_modules/github-markdown-css": {
      "resolved": "../node_modules/.pnpm/github-markdown-css@5.1.0/node_modules/github-markdown-css",
      "link": true
    },
    "node_modules/postcss": {
      "resolved": "../node_modules/.pnpm/postcss@8.4.4/node_modules/postcss",
      "link": true
    },
    "node_modules/react": {
      "resolved": "../node_modules/.pnpm/react@17.0.2/node_modules/react",
      "link": true
    },
    "node_modules/react-dom": {
      "resolved": "../node_modules/.pnpm/react-dom@17.0.2_react@17.0.2/node_modules/react-dom",
      "link": true
    },
    "node_modules/react-markdown": {
      "resolved": "../node_modules/.pnpm/react-markdown@7.1.1_cfedea9b3ed0faf0dded75c187406c5e/node_modules/react-markdown",
      "link": true
    },
    "node_modules/react-syntax-highlighter": {
      "resolved": "../node_modules/.pnpm/react-syntax-highlighter@15.4.5_react@17.0.2/node_modules/react-syntax-highlighter",
      "link": true
    },
    "node_modules/react-tweet-embed": {
      "resolved": "../node_modules/.pnpm/react-tweet-embed@1.3.1_react@17.0.2/node_modules/react-tweet-embed",
      "link": true
    },
    "node_modules/rehype-raw": {
      "resolved": "../node_modules/.pnpm/rehype-raw@6.1.0/node_modules/rehype-raw",
      "link": true
    },
    "node_modules/remark-gfm": {
      "resolved": "../node_modules/.pnpm/remark-gfm@3.0.1/node_modules/remark-gfm",
      "link": true
    },
    "node_modules/remark-html": {
      "resolved": "../node_modules/.pnpm/remark-html@15.0.1/node_modules/remark-html",
      "link": true
    },
    "node_modules/tailwindcss": {
      "resolved": "../node_modules/.pnpm/tailwindcss@3.0.1_6b4e3d148bdcb715d5f821ed0a9c268b/node_modules/tailwindcss",
      "link": true
    },
    "node_modules/typescript": {
      "resolved": "../node_modules/.pnpm/typescript@4.5.3/node_modules/typescript",
      "link": true
    },
    "node_modules/vite": {
      "resolved": "../node_modules/.pnpm/vite@2.7.1/node_modules/vite",
      "link": true
    }
  },
  "dependencies": {
    "@types/node": {
      "version": "16.11.12",
      "resolved": "https://registry.npmjs.org/@types/node/-/node-16.11.12.tgz",
      "integrity": "sha512-+2Iggwg7PxoO5Kyhvsq9VarmPbIelXP070HMImEpbtGCoyWNINQj4wzjbQCXzdHTRXnqufutJb5KAURZANNBAw==",
      "dev": true
    },
    "@types/react": {
      "version": "file:../node_modules/.pnpm/@types+react@17.0.37/node_modules/@types/react",
      "requires": {
        "@types/prop-types": "*",
        "@types/scheduler": "*",
        "csstype": "^3.0.2"
      }
    },
    "@types/react-dom": {
      "version": "file:../node_modules/.pnpm/@types+react-dom@17.0.11/node_modules/@types/react-dom",
      "requires": {
        "@types/react": "*"
      }
    },
    "@types/react-syntax-highlighter": {
      "version": "file:../node_modules/.pnpm/@types+react-syntax-highlighter@13.5.2/node_modules/@types/react-syntax-highlighter",
      "requires": {
        "@types/react": "*"
      }
    },
    "@vitejs/plugin-react": {
      "version": "file:../node_modules/.pnpm/@vitejs+plugin-react@1.1.1/node_modules/@vitejs/plugin-react",
      "requires": {
        "@babel/core": "^7.16.0",
        "@babel/plugin-transform-react-jsx": "^7.16.0",
        "@babel/plugin-transform-react-jsx-development": "^7.16.0",
        "@babel/plugin-transform-react-jsx-self": "^7.16.0",
        "@babel/plugin-transform-react-jsx-source": "^7.16.0",
        "@rollup/pluginutils": "^4.1.1",
        "react-refresh": "^0.11.0",
        "resolve": "^1.20.0"
      }
    },
    "autoprefixer": {
      "version": "file:../node_modules/.pnpm/autoprefixer@10.4.0_postcss@8.4.4/node_modules/autoprefixer",
      "requires": {
        "browserslist": "^4.17.5",
        "caniuse-lite": "^1.0.30001272",
        "fraction.js": "^4.1.1",
        "normalize-range": "^0.1.2",
        "picocolors": "^1.0.0",
        "postcss-value-parser": "^4.1.0"
      }
    },
    "github-markdown-css": {
      "version": "file:../node_modules/.pnpm/github-markdown-css@5.1.0/node_modules/github-markdown-css",
      "requires": {
        "generate-github-markdown-css": "^5.0.1"
      }
    },
    "postcss": {
      "version": "file:../node_modules/.pnpm/postcss@8.4.4/node_modules/postcss",
      "requires": {
        "nanoid": "^3.1.30",
        "picocolors": "^1.0.0",
        "source-map-js": "^1.0.1"
      }
    },
    "react": {
      "version": "file:../node_modules/.pnpm/react@17.0.2/node_modules/react",
      "requires": {
        "loose-envify": "^1.1.0",
        "object-assign": "^4.1.1"
      }
    },
    "react-dom": {
      "version": "file:../node_modules/.pnpm/react-dom@17.0.2_react@17.0.2/node_modules/react-dom",
      "requires": {
        "loose-envify": "^1.1.0",
        "object-assign": "^4.1.1",
        "scheduler": "^0.20.2"
      }
    },
    "react-markdown": {
      "version": "file:../node_modules/.pnpm/react-markdown@7.1.1_cfedea9b3ed0faf0dded75c187406c5e/node_modules/react-markdown",
      "requires": {
        "@types/hast": "^2.0.0",
        "@types/react": "^17.0.0",
        "@types/react-dom": "^17.0.0",
        "@types/react-is": "^17.0.0",
        "@types/unist": "^2.0.0",
        "c8": "^7.0.0",
        "comma-separated-tokens": "^2.0.0",
        "esbuild": "^0.14.0",
        "eslint-config-xo-react": "^0.25.0",
        "eslint-plugin-es": "^4.0.0",
        "eslint-plugin-react": "^7.0.0",
        "eslint-plugin-react-hooks": "^4.0.0",
        "eslint-plugin-security": "^1.0.0",
        "hast-util-whitespace": "^2.0.0",
        "prettier": "^2.0.0",
        "prop-types": "^15.0.0",
        "property-information": "^6.0.0",
        "react": "^17.0.0",
        "react-dom": "^17.0.0",
        "react-is": "^17.0.0",
        "rehype-raw": "^6.0.0",
        "remark-cli": "^10.0.0",
        "remark-gfm": "^3.0.0",
        "remark-parse": "^10.0.0",
        "remark-preset-wooorm": "^9.0.0",
        "remark-rehype": "^9.0.0",
        "remark-toc": "^8.0.0",
        "rimraf": "^3.0.0",
        "space-separated-tokens": "^2.0.0",
        "style-to-object": "^0.3.0",
        "type-coverage": "^2.0.0",
        "typescript": "~4.4.0",
        "unified": "^10.0.0",
        "unist-util-visit": "^4.0.0",
        "uvu": "^0.5.0",
        "vfile": "^5.0.0",
        "xo": "^0.47.0"
      }
    },
    "react-syntax-highlighter": {
      "version": "file:../node_modules/.pnpm/react-syntax-highlighter@15.4.5_react@17.0.2/node_modules/react-syntax-highlighter",
      "requires": {
        "@babel/cli": "^7.1.2",
        "@babel/core": "^7.1.2",
        "@babel/plugin-proposal-class-properties": "^7.1.0",
        "@babel/plugin-proposal-object-rest-spread": "^7.0.0",
        "@babel/plugin-syntax-dynamic-import": "^7.0.0",
        "@babel/plugin-transform-runtime": "^7.1.0",
        "@babel/preset-env": "^7.1.0",
        "@babel/preset-react": "^7.0.0",
        "@babel/runtime": "^7.3.1",
        "babel-core": "^7.0.0-bridge.0",
        "babel-eslint": "^10.1.0",
        "babel-jest": "^26.1.0",
        "babel-loader": "^8.0.4",
        "babel-plugin-transform-dynamic-import": "^2.1.0",
        "codecov": "^3.2.0",
        "css": "^2.2.1",
        "css-loader": "^3.6.0",
        "eslint": "^7.7.0",
        "eslint-config-prettier": "^6.11.0",
        "eslint-plugin-jest": "^23.20.0",
        "eslint-plugin-prettier": "^3.1.4",
        "eslint-plugin-react": "^7.20.6",
        "highlight.js": "^10.4.1",
        "husky": "^1.1.4",
        "jest": "^26.1.0",
        "lint-staged": "^8.0.5",
        "lowlight": "^1.17.0",
        "prettier": "^1.15.2",
        "prism-themes": "1.5.0",
        "prismjs": "^1.25.0",
        "react": "^15.2.0",
        "react-dom": "^15.2.0",
        "react-syntax-highlighter-virtualized-renderer": "^1.0.3",
        "react-test-renderer": "^15.3.2",
        "refractor": "^3.2.0",
        "request": "^2.88.0",
        "style-loader": "^0.13.0",
        "to-camel-case": "^1.0.0",
        "webpack": "^4.22.0",
        "webpack-cli": "^3.1.2",
        "webpack-dev-server": "^3.1.14"
      }
    },
    "react-tweet-embed": {
      "version": "file:../node_modules/.pnpm/react-tweet-embed@1.3.1_react@17.0.2/node_modules/react-tweet-embed",
      "requires": {
        "@types/prop-types": "^15.7.4",
        "@types/react": "^17.0.24",
        "ava": "^3.15.0",
        "enzyme": "^3.11.0",
        "husky": "^7.0.2",
        "jsdom": "^17.0.0",
        "microbundle": "^0.13.3",
        "prettier": "^2.4.1",
        "pretty-quick": "^3.1.1",
        "prop-types": "^15.7.2",
        "react": "^16.8.5",
        "rimraf": "^3.0.2",
        "ts-node": "^10.2.1",
        "typescript": "^4.4.3"
      }
    },
    "rehype-raw": {
      "version": "file:../node_modules/.pnpm/rehype-raw@6.1.0/node_modules/rehype-raw",
      "requires": {
        "@types/hast": "^2.0.0",
        "@types/tape": "^4.0.0",
        "c8": "^7.0.0",
        "hast-util-raw": "^7.2.0",
        "prettier": "^2.0.0",
        "rehype-stringify": "^9.0.0",
        "remark-cli": "^10.0.0",
        "remark-parse": "^10.0.0",
        "remark-preset-wooorm": "^9.0.0",
        "remark-rehype": "^9.0.0",
        "rimraf": "^3.0.0",
        "tape": "^5.0.0",
        "type-coverage": "^2.0.0",
        "typescript": "^4.0.0",
        "unified": "^10.0.0",
        "unist-util-visit": "^4.0.0",
        "xo": "^0.44.0"
      }
    },
    "remark-gfm": {
      "version": "file:../node_modules/.pnpm/remark-gfm@3.0.1/node_modules/remark-gfm",
      "requires": {
        "@types/mdast": "^3.0.0",
        "@types/tape": "^4.0.0",
        "c8": "^7.0.0",
        "is-hidden": "^2.0.0",
        "mdast-util-gfm": "^2.0.0",
        "micromark-extension-gfm": "^2.0.0",
        "prettier": "^2.0.0",
        "remark": "^14.0.0",
        "remark-cli": "^10.0.0",
        "remark-preset-wooorm": "^9.0.0",
        "rimraf": "^3.0.0",
        "string-width": "^5.0.0",
        "tape": "^5.0.0",
        "to-vfile": "^7.0.0",
        "type-coverage": "^2.0.0",
        "typescript": "^4.0.0",
        "unified": "^10.0.0",
        "xo": "^0.46.0"
      }
    },
    "remark-html": {
      "version": "file:../node_modules/.pnpm/remark-html@15.0.1/node_modules/remark-html",
      "requires": {
        "@types/mdast": "^3.0.0",
        "@types/tape": "^4.0.0",
        "c8": "^7.0.0",
        "commonmark.json": "^0.30.0",
        "hast-util-sanitize": "^4.0.0",
        "hast-util-to-html": "^8.0.0",
        "is-hidden": "^2.0.0",
        "mdast-util-to-hast": "^12.0.0",
        "prettier": "^2.0.0",
        "rehype-parse": "^8.0.0",
        "rehype-stringify": "^9.0.0",
        "remark": "^14.0.0",
        "remark-cli": "^10.0.0",
        "remark-frontmatter": "^4.0.0",
        "remark-gfm": "^3.0.0",
        "remark-github": "^11.0.0",
        "remark-preset-wooorm": "^9.0.0",
        "remark-slug": "^7.0.0",
        "remark-toc": "^8.0.0",
        "rimraf": "^3.0.0",
        "tape": "^5.0.0",
        "to-vfile": "^7.0.0",
        "type-coverage": "^2.0.0",
        "typescript": "^4.0.0",
        "unified": "^10.0.0",
        "xo": "^0.47.0"
      }
    },
    "tailwindcss": {
      "version": "file:../node_modules/.pnpm/tailwindcss@3.0.1_6b4e3d148bdcb715d5f821ed0a9c268b/node_modules/tailwindcss",
      "requires": {
        "@swc/cli": "^0.1.52",
        "@swc/core": "^1.2.118",
        "@swc/jest": "^0.2.11",
        "@swc/register": "^0.1.7",
        "arg": "^5.0.1",
        "autoprefixer": "^10.4.0",
        "chalk": "^4.1.2",
        "chokidar": "^3.5.2",
        "color-name": "^1.1.4",
        "cosmiconfig": "^7.0.1",
        "cross-env": "^7.0.3",
        "cssnano": "^5.0.12",
        "detective": "^5.2.0",
        "didyoumean": "^1.2.2",
        "dlv": "^1.1.3",
        "esbuild": "^0.14.2",
        "eslint": "^8.2.0",
        "eslint-config-prettier": "^8.3.0",
        "eslint-plugin-prettier": "^4.0.0",
        "fast-glob": "^3.2.7",
        "glob-parent": "^6.0.2",
        "is-glob": "^4.0.3",
        "jest": "^27.4.3",
        "jest-diff": "^27.4.2",
        "normalize-path": "^3.0.0",
        "object-hash": "^2.2.0",
        "postcss": "^8.4.4",
        "postcss-cli": "^8.3.1",
        "postcss-js": "^3.0.3",
        "postcss-load-config": "^3.1.0",
        "postcss-nested": "5.0.6",
        "postcss-selector-parser": "^6.0.6",
        "postcss-value-parser": "^4.2.0",
        "prettier": "^2.5.0",
        "quick-lru": "^5.1.1",
        "resolve": "^1.20.0",
        "rimraf": "^3.0.0",
        "tmp": "^0.2.1"
      }
    },
    "typescript": {
      "version": "file:../node_modules/.pnpm/typescript@4.5.3/node_modules/typescript",
      "requires": {
        "@octokit/rest": "latest",
        "@types/browserify": "latest",
        "@types/chai": "latest",
        "@types/convert-source-map": "latest",
        "@types/glob": "latest",
        "@types/gulp": "^4.0.9",
        "@types/gulp-concat": "latest",
        "@types/gulp-newer": "latest",
        "@types/gulp-rename": "0.0.33",
        "@types/gulp-sourcemaps": "0.0.32",
        "@types/jake": "latest",
        "@types/merge2": "latest",
        "@types/microsoft__typescript-etw": "latest",
        "@types/minimatch": "latest",
        "@types/minimist": "latest",
        "@types/mkdirp": "latest",
        "@types/mocha": "latest",
        "@types/ms": "latest",
        "@types/node": "latest",
        "@types/node-fetch": "^2.3.4",
        "@types/q": "latest",
        "@types/source-map-support": "latest",
        "@types/through2": "latest",
        "@types/xml2js": "^0.4.0",
        "@typescript-eslint/eslint-plugin": "^4.28.0",
        "@typescript-eslint/experimental-utils": "^4.28.0",
        "@typescript-eslint/parser": "^4.28.0",
        "async": "latest",
        "azure-devops-node-api": "^11.0.1",
        "browser-resolve": "^1.11.2",
        "browserify": "latest",
        "chai": "latest",
        "chalk": "^4.1.2",
        "convert-source-map": "latest",
        "del": "5.1.0",
        "diff": "^4.0.2",
        "eslint": "7.12.1",
        "eslint-formatter-autolinkable-stylish": "1.1.4",
        "eslint-plugin-import": "2.22.1",
        "eslint-plugin-jsdoc": "30.7.6",
        "eslint-plugin-no-null": "1.0.2",
        "fancy-log": "latest",
        "fs-extra": "^9.0.0",
        "glob": "latest",
        "gulp": "^4.0.0",
        "gulp-concat": "latest",
        "gulp-insert": "latest",
        "gulp-newer": "latest",
        "gulp-rename": "latest",
        "gulp-sourcemaps": "latest",
        "merge2": "latest",
        "minimist": "latest",
        "mkdirp": "latest",
        "mocha": "latest",
        "mocha-fivemat-progress-reporter": "latest",
        "ms": "^2.1.3",
        "node-fetch": "^2.6.1",
        "plugin-error": "latest",
        "pretty-hrtime": "^1.0.3",
        "prex": "^0.4.3",
        "q": "latest",
        "source-map-support": "latest",
        "through2": "latest",
        "typescript": "^4.2.3",
        "vinyl": "latest",
        "vinyl-sourcemaps-apply": "latest",
        "xml2js": "^0.4.19"
      }
    },
    "vite": {
      "version": "file:../node_modules/.pnpm/vite@2.7.1/node_modules/vite",
      "requires": {
        "@ampproject/remapping": "^1.0.1",
        "@babel/parser": "^7.16.4",
        "@babel/types": "^7.16.0",
        "@rollup/plugin-alias": "^3.1.8",
        "@rollup/plugin-commonjs": "^21.0.1",
        "@rollup/plugin-dynamic-import-vars": "^1.4.1",
        "@rollup/plugin-json": "^4.1.0",
        "@rollup/plugin-node-resolve": "13.0.6",
        "@rollup/plugin-typescript": "^8.3.0",
        "@rollup/pluginutils": "^4.1.1",
        "@types/convert-source-map": "^1.5.2",
        "@types/debug": "^4.1.7",
        "@types/estree": "^0.0.50",
        "@types/etag": "^1.8.1",
        "@types/less": "^3.0.3",
        "@types/micromatch": "^4.0.2",
        "@types/mime": "^2.0.3",
        "@types/node": "^16.11.9",
        "@types/resolve": "^1.20.1",
        "@types/sass": "~1.43.0",
        "@types/stylus": "^0.48.36",
        "@types/ws": "^8.2.0",
        "@vue/compiler-dom": "^3.2.22",
        "acorn": "^8.6.0",
        "acorn-class-fields": "^1.0.0",
        "acorn-static-class-features": "^1.0.0",
        "cac": "6.7.9",
        "chalk": "^4.1.2",
        "chokidar": "^3.5.2",
        "compression": "^1.7.4",
        "connect": "^3.7.0",
        "connect-history-api-fallback": "^1.6.0",
        "convert-source-map": "^1.8.0",
        "cors": "^2.8.5",
        "debug": "^4.3.2",
        "dotenv": "^10.0.0",
        "dotenv-expand": "^5.1.0",
        "es-module-lexer": "^0.9.3",
        "esbuild": "^0.13.12",
        "estree-walker": "^2.0.2",
        "etag": "^1.8.1",
        "execa": "^5.1.1",
        "fast-glob": "^3.2.7",
        "fsevents": "~2.3.2",
        "http-proxy": "^1.18.1",
        "launch-editor-middleware": "^2.2.1",
        "magic-string": "^0.25.7",
        "micromatch": "^4.0.4",
        "mime": "^3.0.0",
        "okie": "^1.0.1",
        "open": "^8.4.0",
        "periscopic": "^2.0.3",
        "postcss": "^8.3.11",
        "postcss-import": "^14.0.2",
        "postcss-load-config": "^3.1.0",
        "postcss-modules": "^4.2.2",
        "resolve": "^1.20.0",
        "resolve.exports": "^1.1.0",
        "rollup": "^2.59.0",
        "rollup-plugin-license": "^2.6.0",
        "selfsigned": "^1.10.11",
        "sirv": "^1.0.18",
        "source-map": "^0.6.1",
        "source-map-support": "^0.5.21",
        "strip-ansi": "^6.0.1",
        "terser": "^5.10.0",
        "tsconfck": "1.1.1",
        "tslib": "^2.3.1",
        "types": "link:./types",
        "ws": "^8.2.3"
      }
    }
  }
}
